{
  "name": "sympos-pass",
  "version": "1.0.0",
  "lockfileVersion": 2,
  "requires": true,
  "packages": {
    "": {
      "name": "sympos-pass",
      "version": "1.0.0",
      "license": "ISC",
      "dependencies": {
        "@walletpass/pass-js": "^6.9.1",
        "prompt-sync": "^4.2.0"
      }
    },
    "node_modules/@walletpass/pass-js": {
      "version": "6.9.1",
      "resolved": "https://registry.npmjs.org/@walletpass/pass-js/-/pass-js-6.9.1.tgz",
      "integrity": "sha512-duiQf8b9uC3bK/uy+xFbAFDjoXdlk82QjdHAsctdMuP/YUNRYl7vXmyxnOOIW2/PzKpGy645wVC7jexEL5TGOg==",
      "dependencies": {
        "buffer-crc32": "0.2.13",
        "color-name": "1.1.4",
        "do-not-zip": "1.0.0",
        "event-iterator": "1.2.0",
        "imagesize": "1.0.0",
        "node-forge": "0.9.1",
        "strip-json-comments": "3.1.0",
        "yauzl": "2.10.0"
      },
      "bin": {
        "passkit-keys": "bin/passkit-keys"
      },
      "engines": {
        "node": ">=10.10"
      },
      "funding": {
        "type": "opencollective",
        "url": "https://opencollective.com/walletpass"
      }
    },
    "node_modules/@walletpass/pass-js/node_modules/node-forge": {
      "version": "0.9.1",
      "resolved": "https://registry.npmjs.org/node-forge/-/node-forge-0.9.1.tgz",
      "integrity": "sha512-G6RlQt5Sb4GMBzXvhfkeFmbqR6MzhtnT7VTHuLadjkii3rdYHNdw0m8zA4BTxVIh68FicCQ2NSUANpsqkr9jvQ==",
      "engines": {
        "node": ">= 4.5.0"
      }
    },
    "node_modules/ansi-regex": {
      "version": "4.1.1",
      "resolved": "https://registry.npmjs.org/ansi-regex/-/ansi-regex-4.1.1.tgz",
      "integrity": "sha512-ILlv4k/3f6vfQ4OoP2AGvirOktlQ98ZEL1k9FaQjxa3L1abBgbuTDAdPOpvbGncC0BTVQrl+OM8xZGK6tWXt7g==",
      "engines": {
        "node": ">=6"
      }
    },
    "node_modules/buffer-crc32": {
      "version": "0.2.13",
      "resolved": "https://registry.npmjs.org/buffer-crc32/-/buffer-crc32-0.2.13.tgz",
      "integrity": "sha512-VO9Ht/+p3SN7SKWqcrgEzjGbRSJYTx+Q1pTQC0wrWqHx0vpJraQ6GtHx8tvcg1rlK1byhU5gccxgOgj7B0TDkQ==",
      "engines": {
        "node": "*"
      }
    },
    "node_modules/color-name": {
      "version": "1.1.4",
      "resolved": "https://registry.npmjs.org/color-name/-/color-name-1.1.4.tgz",
      "integrity": "sha512-dOy+3AuW3a2wNbZHIuMZpTcgjGuLU/uBL/ubcZF9OXbDo8ff4O8yVp5Bf0efS8uEoYo5q4Fx7dY9OgQGXgAsQA=="
    },
    "node_modules/do-not-zip": {
      "version": "1.0.0",
      "resolved": "https://registry.npmjs.org/do-not-zip/-/do-not-zip-1.0.0.tgz",
      "integrity": "sha512-Pgd81ET43bhAGaN2Hq1zluSX1FmD7kl7KcV9ER/lawiLsRUB9pRA5y8r6us29Xk6BrINZETO8TjhYwtwafWUww=="
    },
    "node_modules/event-iterator": {
      "version": "1.2.0",
      "resolved": "https://registry.npmjs.org/event-iterator/-/event-iterator-1.2.0.tgz",
      "integrity": "sha512-Daq7YUl0Mv1i4QEgzGQlz0jrx7hUFNyLGbiF+Ap7NCMCjDLCCnolyj6s0TAc6HmrBziO5rNVHsPwGMp7KdRPvw=="
    },
    "node_modules/fd-slicer": {
      "version": "1.1.0",
      "resolved": "https://registry.npmjs.org/fd-slicer/-/fd-slicer-1.1.0.tgz",
      "integrity": "sha512-cE1qsB/VwyQozZ+q1dGxR8LBYNZeofhEdUNGSMbQD3Gw2lAzX9Zb3uIU6Ebc/Fmyjo9AWWfnn0AUCHqtevs/8g==",
      "dependencies": {
        "pend": "~1.2.0"
      }
    },
    "node_modules/imagesize": {
      "version": "1.0.0",
      "resolved": "https://registry.npmjs.org/imagesize/-/imagesize-1.0.0.tgz",
      "integrity": "sha512-xj4m1kbeaGIhbJ1MZxbsPJXRqwS4G/YXocKsXo2CgB2flsbYHgHeyjqK/4SYZI5RNYoijOT/dcG3BmcfHYJ+lw=="
    },
    "node_modules/pend": {
      "version": "1.2.0",
      "resolved": "https://registry.npmjs.org/pend/-/pend-1.2.0.tgz",
      "integrity": "sha1-elfrVQpng/kRUzH89GY9XI4AelA="
    },
    "node_modules/prompt-sync": {
      "version": "4.2.0",
      "resolved": "https://registry.npmjs.org/prompt-sync/-/prompt-sync-4.2.0.tgz",
      "integrity": "sha512-BuEzzc5zptP5LsgV5MZETjDaKSWfchl5U9Luiu8SKp7iZWD5tZalOxvNcZRwv+d2phNFr8xlbxmFNcRKfJOzJw==",
      "dependencies": {
        "strip-ansi": "^5.0.0"
      }
    },
    "node_modules/strip-ansi": {
      "version": "5.2.0",
      "resolved": "https://registry.npmjs.org/strip-ansi/-/strip-ansi-5.2.0.tgz",
      "integrity": "sha512-DuRs1gKbBqsMKIZlrffwlug8MHkcnpjs5VPmL1PAh+mA30U0DTotfDZ0d2UUsXpPmPmMMJ6W773MaA3J+lbiWA==",
      "dependencies": {
        "ansi-regex": "^4.1.0"
      },
      "engines": {
        "node": ">=6"
      }
    },
    "node_modules/strip-json-comments": {
      "version": "3.1.0",
      "resolved": "https://registry.npmjs.org/strip-json-comments/-/strip-json-comments-3.1.0.tgz",
      "integrity": "sha512-e6/d0eBu7gHtdCqFt0xJr642LdToM5/cN4Qb9DbHjVx1CP5RyeM+zH7pbecEmDv/lBqb0QH+6Uqq75rxFPkM0w==",
      "engines": {
        "node": ">=8"
      }
    },
    "node_modules/yauzl": {
      "version": "2.10.0",
      "resolved": "https://registry.npmjs.org/yauzl/-/yauzl-2.10.0.tgz",
      "integrity": "sha1-x+sXyT4RLLEIb6bY5R+wZnt5pfk=",
      "dependencies": {
        "buffer-crc32": "~0.2.3",
        "fd-slicer": "~1.1.0"
      }
    }
  },
  "dependencies": {
    "@walletpass/pass-js": {
      "version": "6.9.1",
      "resolved": "https://registry.npmjs.org/@walletpass/pass-js/-/pass-js-6.9.1.tgz",
      "integrity": "sha512-duiQf8b9uC3bK/uy+xFbAFDjoXdlk82QjdHAsctdMuP/YUNRYl7vXmyxnOOIW2/PzKpGy645wVC7jexEL5TGOg==",
      "requires": {
        "buffer-crc32": "0.2.13",
        "color-name": "1.1.4",
        "do-not-zip": "1.0.0",
        "event-iterator": "1.2.0",
        "imagesize": "1.0.0",
        "node-forge": "0.9.1",
        "strip-json-comments": "3.1.0",
        "yauzl": "2.10.0"
      },
      "dependencies": {
        "node-forge": {
          "version": "0.9.1",
          "resolved": "https://registry.npmjs.org/node-forge/-/node-forge-0.9.1.tgz",
          "integrity": "sha512-G6RlQt5Sb4GMBzXvhfkeFmbqR6MzhtnT7VTHuLadjkii3rdYHNdw0m8zA4BTxVIh68FicCQ2NSUANpsqkr9jvQ=="
        }
      }
    },
    "ansi-regex": {
      "version": "4.1.1",
      "resolved": "https://registry.npmjs.org/ansi-regex/-/ansi-regex-4.1.1.tgz",
      "integrity": "sha512-ILlv4k/3f6vfQ4OoP2AGvirOktlQ98ZEL1k9FaQjxa3L1abBgbuTDAdPOpvbGncC0BTVQrl+OM8xZGK6tWXt7g=="
    },
    "buffer-crc32": {
      "version": "0.2.13",
      "resolved": "https://registry.npmjs.org/buffer-crc32/-/buffer-crc32-0.2.13.tgz",
      "integrity": "sha512-VO9Ht/+p3SN7SKWqcrgEzjGbRSJYTx+Q1pTQC0wrWqHx0vpJraQ6GtHx8tvcg1rlK1byhU5gccxgOgj7B0TDkQ=="
    },
    "color-name": {
      "version": "1.1.4",
      "resolved": "https://registry.npmjs.org/color-name/-/color-name-1.1.4.tgz",
      "integrity": "sha512-dOy+3AuW3a2wNbZHIuMZpTcgjGuLU/uBL/ubcZF9OXbDo8ff4O8yVp5Bf0efS8uEoYo5q4Fx7dY9OgQGXgAsQA=="
    },
    "do-not-zip": {
      "version": "1.0.0",
      "resolved": "https://registry.npmjs.org/do-not-zip/-/do-not-zip-1.0.0.tgz",
      "integrity": "sha512-Pgd81ET43bhAGaN2Hq1zluSX1FmD7kl7KcV9ER/lawiLsRUB9pRA5y8r6us29Xk6BrINZETO8TjhYwtwafWUww=="
    },
    "event-iterator": {
      "version": "1.2.0",
      "resolved": "https://registry.npmjs.org/event-iterator/-/event-iterator-1.2.0.tgz",
      "integrity": "sha512-Daq7YUl0Mv1i4QEgzGQlz0jrx7hUFNyLGbiF+Ap7NCMCjDLCCnolyj6s0TAc6HmrBziO5rNVHsPwGMp7KdRPvw=="
    },
    "fd-slicer": {
      "version": "1.1.0",
      "resolved": "https://registry.npmjs.org/fd-slicer/-/fd-slicer-1.1.0.tgz",
      "integrity": "sha512-cE1qsB/VwyQozZ+q1dGxR8LBYNZeofhEdUNGSMbQD3Gw2lAzX9Zb3uIU6Ebc/Fmyjo9AWWfnn0AUCHqtevs/8g==",
      "requires": {
        "pend": "~1.2.0"
      }
    },
    "imagesize": {
      "version": "1.0.0",
      "resolved": "https://registry.npmjs.org/imagesize/-/imagesize-1.0.0.tgz",
      "integrity": "sha512-xj4m1kbeaGIhbJ1MZxbsPJXRqwS4G/YXocKsXo2CgB2flsbYHgHeyjqK/4SYZI5RNYoijOT/dcG3BmcfHYJ+lw=="
    },
    "pend": {
      "version": "1.2.0",
      "resolved": "https://registry.npmjs.org/pend/-/pend-1.2.0.tgz",
      "integrity": "sha1-elfrVQpng/kRUzH89GY9XI4AelA="
    },
    "prompt-sync": {
      "version": "4.2.0",
      "resolved": "https://registry.npmjs.org/prompt-sync/-/prompt-sync-4.2.0.tgz",
      "integrity": "sha512-BuEzzc5zptP5LsgV5MZETjDaKSWfchl5U9Luiu8SKp7iZWD5tZalOxvNcZRwv+d2phNFr8xlbxmFNcRKfJOzJw==",
      "requires": {
        "strip-ansi": "^5.0.0"
      }
    },
    "strip-ansi": {
      "version": "5.2.0",
      "resolved": "https://registry.npmjs.org/strip-ansi/-/strip-ansi-5.2.0.tgz",
      "integrity": "sha512-DuRs1gKbBqsMKIZlrffwlug8MHkcnpjs5VPmL1PAh+mA30U0DTotfDZ0d2UUsXpPmPmMMJ6W773MaA3J+lbiWA==",
      "requires": {
        "ansi-regex": "^4.1.0"
      }
    },
    "strip-json-comments": {
      "version": "3.1.0",
      "resolved": "https://registry.npmjs.org/strip-json-comments/-/strip-json-comments-3.1.0.tgz",
      "integrity": "sha512-e6/d0eBu7gHtdCqFt0xJr642LdToM5/cN4Qb9DbHjVx1CP5RyeM+zH7pbecEmDv/lBqb0QH+6Uqq75rxFPkM0w=="
    },
    "yauzl": {
      "version": "2.10.0",
      "resolved": "https://registry.npmjs.org/yauzl/-/yauzl-2.10.0.tgz",
      "integrity": "sha1-x+sXyT4RLLEIb6bY5R+wZnt5pfk=",
      "requires": {
        "buffer-crc32": "~0.2.3",
        "fd-slicer": "~1.1.0"
      }
    }
  }
}
